// !$*UTF8*$!
{
	archiveVersion = 1;
	classes = {
	};
	objectVersion = 56;
	objects = {

/* Begin PBXBuildFile section */
		CE9F7BE52D66594F00ADEDB2 /* AppDelegate.swift in Sources */ = {isa = PBXBuildFile; fileRef = CE9F7BE42D66594F00ADEDB2 /* AppDelegate.swift */; };
		CE9F7BE72D66594F00ADEDB2 /* SceneDelegate.swift in Sources */ = {isa = PBXBuildFile; fileRef = CE9F7BE62D66594F00ADEDB2 /* SceneDelegate.swift */; };
		CE9F7BE92D66594F00ADEDB2 /* ViewController.swift in Sources */ = {isa = PBXBuildFile; fileRef = CE9F7BE82D66594F00ADEDB2 /* ViewController.swift */; };
		CE9F7BEC2D66594F00ADEDB2 /* Main.storyboard in Resources */ = {isa = PBXBuildFile; fileRef = CE9F7BEA2D66594F00ADEDB2 /* Main.storyboard */; };
		CE9F7BEE2D66595A00ADEDB2 /* Assets.xcassets in Resources */ = {isa = PBXBuildFile; fileRef = CE9F7BED2D66595A00ADEDB2 /* Assets.xcassets */; };
		CE9F7BF12D66595A00ADEDB2 /* LaunchScreen.storyboard in Resources */ = {isa = PBXBuildFile; fileRef = CE9F7BEF2D66595A00ADEDB2 /* LaunchScreen.storyboard */; };
		CE9F7BFC2D66595B00ADEDB2 /* NavigationControllerTests.swift in Sources */ = {isa = PBXBuildFile; fileRef = CE9F7BFB2D66595B00ADEDB2 /* NavigationControllerTests.swift */; };
		CE9F7C062D66595B00ADEDB2 /* NavigationControllerUITests.swift in Sources */ = {isa = PBXBuildFile; fileRef = CE9F7C052D66595B00ADEDB2 /* NavigationControllerUITests.swift */; };
		CE9F7C082D66595B00ADEDB2 /* NavigationControllerUITestsLaunchTests.swift in Sources */ = {isa = PBXBuildFile; fileRef = CE9F7C072D66595B00ADEDB2 /* NavigationControllerUITestsLaunchTests.swift */; };
		CE9F7C152D66704C00ADEDB2 /* oneViewController.swift in Sources */ = {isa = PBXBuildFile; fileRef = CE9F7C142D66704C00ADEDB2 /* oneViewController.swift */; };
/* End PBXBuildFile section */

/* Begin PBXContainerItemProxy section */
		CE9F7BF82D66595B00ADEDB2 /* PBXContainerItemProxy */ = {
			isa = PBXContainerItemProxy;
			containerPortal = CE9F7BD92D66594F00ADEDB2 /* Project object */;
			proxyType = 1;
			remoteGlobalIDString = CE9F7BE02D66594F00ADEDB2;
			remoteInfo = NavigationController;
		};
		CE9F7C022D66595B00ADEDB2 /* PBXContainerItemProxy */ = {
			isa = PBXContainerItemProxy;
			containerPortal = CE9F7BD92D66594F00ADEDB2 /* Project object */;
			proxyType = 1;
			remoteGlobalIDString = CE9F7BE02D66594F00ADEDB2;
			remoteInfo = NavigationController;
		};
/* End PBXContainerItemProxy section */

/* Begin PBXFileReference section */
		CE9F7BE12D66594F00ADEDB2 /* NavigationController.app */ = {isa = PBXFileReference; explicitFileType = wrapper.application; includeInIndex = 0; path = NavigationController.app; sourceTree = BUILT_PRODUCTS_DIR; };
		CE9F7BE42D66594F00ADEDB2 /* AppDelegate.swift */ = {isa = PBXFileReference; lastKnownFileType = sourcecode.swift; path = AppDelegate.swift; sourceTree = "<group>"; };
		CE9F7BE62D66594F00ADEDB2 /* SceneDelegate.swift */ = {isa = PBXFileReference; lastKnownFileType = sourcecode.swift; path = SceneDelegate.swift; sourceTree = "<group>"; };
		CE9F7BE82D66594F00ADEDB2 /* ViewController.swift */ = {isa = PBXFileReference; lastKnownFileType = sourcecode.swift; path = ViewController.swift; sourceTree = "<group>"; };
		CE9F7BEB2D66594F00ADEDB2 /* Base */ = {isa = PBXFileReference; lastKnownFileType = file.storyboard; name = Base; path = Base.lproj/Main.storyboard; sourceTree = "<group>"; };
		CE9F7BED2D66595A00ADEDB2 /* Assets.xcassets */ = {isa = PBXFileReference; lastKnownFileType = folder.assetcatalog; path = Assets.xcassets; sourceTree = "<group>"; };
		CE9F7BF02D66595A00ADEDB2 /* Base */ = {isa = PBXFileReference; lastKnownFileType = file.storyboard; name = Base; path = Base.lproj/LaunchScreen.storyboard; sourceTree = "<group>"; };
		CE9F7BF22D66595A00ADEDB2 /* Info.plist */ = {isa = PBXFileReference; lastKnownFileType = text.plist.xml; path = Info.plist; sourceTree = "<group>"; };
		CE9F7BF72D66595B00ADEDB2 /* NavigationControllerTests.xctest */ = {isa = PBXFileReference; explicitFileType = wrapper.cfbundle; includeInIndex = 0; path = NavigationControllerTests.xctest; sourceTree = BUILT_PRODUCTS_DIR; };
		CE9F7BFB2D66595B00ADEDB2 /* NavigationControllerTests.swift */ = {isa = PBXFileReference; lastKnownFileType = sourcecode.swift; path = NavigationControllerTests.swift; sourceTree = "<group>"; };
		CE9F7C012D66595B00ADEDB2 /* NavigationControllerUITests.xctest */ = {isa = PBXFileReference; explicitFileType = wrapper.cfbundle; includeInIndex = 0; path = NavigationControllerUITests.xctest; sourceTree = BUILT_PRODUCTS_DIR; };
		CE9F7C052D66595B00ADEDB2 /* NavigationControllerUITests.swift */ = {isa = PBXFileReference; lastKnownFileType = sourcecode.swift; path = NavigationControllerUITests.swift; sourceTree = "<group>"; };
		CE9F7C072D66595B00ADEDB2 /* NavigationControllerUITestsLaunchTests.swift */ = {isa = PBXFileReference; lastKnownFileType = sourcecode.swift; path = NavigationControllerUITestsLaunchTests.swift; sourceTree = "<group>"; };
		CE9F7C142D66704C00ADEDB2 /* oneViewController.swift */ = {isa = PBXFileReference; lastKnownFileType = sourcecode.swift; path = oneViewController.swift; sourceTree = "<group>"; };
/* End PBXFileReference section */

/* Begin PBXFrameworksBuildPhase section */
		CE9F7BDE2D66594F00ADEDB2 /* Frameworks */ = {
			isa = PBXFrameworksBuildPhase;
			buildActionMask = 2147483647;
			files = (
			);
			runOnlyForDeploymentPostprocessing = 0;
		};
		CE9F7BF42D66595B00ADEDB2 /* Frameworks */ = {
			isa = PBXFrameworksBuildPhase;
			buildActionMask = 2147483647;
			files = (
			);
			runOnlyForDeploymentPostprocessing = 0;
		};
		CE9F7BFE2D66595B00ADEDB2 /* Frameworks */ = {
			isa = PBXFrameworksBuildPhase;
			buildActionMask = 2147483647;
			files = (
			);
			runOnlyForDeploymentPostprocessing = 0;
		};
/* End PBXFrameworksBuildPhase section */

/* Begin PBXGroup section */
		CE9F7BD82D66594F00ADEDB2 = {
			isa = PBXGroup;
			children = (
				CE9F7BE32D66594F00ADEDB2 /* NavigationController */,
				CE9F7BFA2D66595B00ADEDB2 /* NavigationControllerTests */,
				CE9F7C042D66595B00ADEDB2 /* NavigationControllerUITests */,
				CE9F7BE22D66594F00ADEDB2 /* Products */,
			);
			sourceTree = "<group>";
		};
		CE9F7BE22D66594F00ADEDB2 /* Products */ = {
			isa = PBXGroup;
			children = (
				CE9F7BE12D66594F00ADEDB2 /* NavigationController.app */,
				CE9F7BF72D66595B00ADEDB2 /* NavigationControllerTests.xctest */,
				CE9F7C012D66595B00ADEDB2 /* NavigationControllerUITests.xctest */,
			);
			name = Products;
			sourceTree = "<group>";
		};
		CE9F7BE32D66594F00ADEDB2 /* NavigationController */ = {
			isa = PBXGroup;
			children = (
				CE9F7BE42D66594F00ADEDB2 /* AppDelegate.swift */,
				CE9F7BE62D66594F00ADEDB2 /* SceneDelegate.swift */,
				CE9F7BE82D66594F00ADEDB2 /* ViewController.swift */,
				CE9F7BEA2D66594F00ADEDB2 /* Main.storyboard */,
				CE9F7BED2D66595A00ADEDB2 /* Assets.xcassets */,
				CE9F7BEF2D66595A00ADEDB2 /* LaunchScreen.storyboard */,
				CE9F7BF22D66595A00ADEDB2 /* Info.plist */,
				CE9F7C142D66704C00ADEDB2 /* oneViewController.swift */,
			);
			path = NavigationController;
			sourceTree = "<group>";
		};
		CE9F7BFA2D66595B00ADEDB2 /* NavigationControllerTests */ = {
			isa = PBXGroup;
			children = (
				CE9F7BFB2D66595B00ADEDB2 /* NavigationControllerTests.swift */,
			);
			path = NavigationControllerTests;
			sourceTree = "<group>";
		};
		CE9F7C042D66595B00ADEDB2 /* NavigationControllerUITests */ = {
			isa = PBXGroup;
			children = (
				CE9F7C052D66595B00ADEDB2 /* NavigationControllerUITests.swift */,
				CE9F7C072D66595B00ADEDB2 /* NavigationControllerUITestsLaunchTests.swift */,
			);
			path = NavigationControllerUITests;
			sourceTree = "<group>";
		};
/* End PBXGroup section */

/* Begin PBXNativeTarget section */
		CE9F7BE02D66594F00ADEDB2 /* NavigationController */ = {
			isa = PBXNativeTarget;
			buildConfigurationList = CE9F7C0B2D66595B00ADEDB2 /* Build configuration list for PBXNativeTarget "NavigationController" */;
			buildPhases = (
				CE9F7BDD2D66594F00ADEDB2 /* Sources */,
				CE9F7BDE2D66594F00ADEDB2 /* Frameworks */,
				CE9F7BDF2D66594F00ADEDB2 /* Resources */,
			);
			buildRules = (
			);
			dependencies = (
			);
			name = NavigationController;
			productName = NavigationController;
			productReference = CE9F7BE12D66594F00ADEDB2 /* NavigationController.app */;
			productType = "com.apple.product-type.application";
		};
		CE9F7BF62D66595B00ADEDB2 /* NavigationControllerTests */ = {
			isa = PBXNativeTarget;
			buildConfigurationList = CE9F7C0E2D66595B00ADEDB2 /* Build configuration list for PBXNativeTarget "NavigationControllerTests" */;
			buildPhases = (
				CE9F7BF32D66595B00ADEDB2 /* Sources */,
				CE9F7BF42D66595B00ADEDB2 /* Frameworks */,
				CE9F7BF52D66595B00ADEDB2 /* Resources */,
			);
			buildRules = (
			);
			dependencies = (
				CE9F7BF92D66595B00ADEDB2 /* PBXTargetDependency */,
			);
			name = NavigationControllerTests;
			productName = NavigationControllerTests;
			productReference = CE9F7BF72D66595B00ADEDB2 /* NavigationControllerTests.xctest */;
			productType = "com.apple.product-type.bundle.unit-test";
		};
		CE9F7C002D66595B00ADEDB2 /* NavigationControllerUITests */ = {
			isa = PBXNativeTarget;
			buildConfigurationList = CE9F7C112D66595B00ADEDB2 /* Build configuration list for PBXNativeTarget "NavigationControllerUITests" */;
			buildPhases = (
				CE9F7BFD2D66595B00ADEDB2 /* Sources */,
				CE9F7BFE2D66595B00ADEDB2 /* Frameworks */,
				CE9F7BFF2D66595B00ADEDB2 /* Resources */,
			);
			buildRules = (
			);
			dependencies = (
				CE9F7C032D66595B00ADEDB2 /* PBXTargetDependency */,
			);
			name = NavigationControllerUITests;
			productName = NavigationControllerUITests;
			productReference = CE9F7C012D66595B00ADEDB2 /* NavigationControllerUITests.xctest */;
			productType = "com.apple.product-type.bundle.ui-testing";
		};
/* End PBXNativeTarget section */

/* Begin PBXProject section */
		CE9F7BD92D66594F00ADEDB2 /* Project object */ = {
			isa = PBXProject;
			attributes = {
				BuildIndependentTargetsInParallel = 1;
				LastSwiftUpdateCheck = 1420;
				LastUpgradeCheck = 1420;
				TargetAttributes = {
					CE9F7BE02D66594F00ADEDB2 = {
						CreatedOnToolsVersion = 14.2;
					};
					CE9F7BF62D66595B00ADEDB2 = {
						CreatedOnToolsVersion = 14.2;
						TestTargetID = CE9F7BE02D66594F00ADEDB2;
					};
					CE9F7C002D66595B00ADEDB2 = {
						CreatedOnToolsVersion = 14.2;
						TestTargetID = CE9F7BE02D66594F00ADEDB2;
					};
				};
			};
			buildConfigurationList = CE9F7BDC2D66594F00ADEDB2 /* Build configuration list for PBXProject "NavigationController" */;
			compatibilityVersion = "Xcode 14.0";
			developmentRegion = en;
			hasScannedForEncodings = 0;
			knownRegions = (
				en,
				Base,
			);
			mainGroup = CE9F7BD82D66594F00ADEDB2;
			productRefGroup = CE9F7BE22D66594F00ADEDB2 /* Products */;
			projectDirPath = "";
			projectRoot = "";
			targets = (
				CE9F7BE02D66594F00ADEDB2 /* NavigationController */,
				CE9F7BF62D66595B00ADEDB2 /* NavigationControllerTests */,
				CE9F7C002D66595B00ADEDB2 /* NavigationControllerUITests */,
			);
		};
/* End PBXProject section */

/* Begin PBXResourcesBuildPhase section */
		CE9F7BDF2D66594F00ADEDB2 /* Resources */ = {
			isa = PBXResourcesBuildPhase;
			buildActionMask = 2147483647;
			files = (
				CE9F7BF12D66595A00ADEDB2 /* LaunchScreen.storyboard in Resources */,
				CE9F7BEE2D66595A00ADEDB2 /* Assets.xcassets in Resources */,
				CE9F7BEC2D66594F00ADEDB2 /* Main.storyboard in Resources */,
			);
			runOnlyForDeploymentPostprocessing = 0;
		};
		CE9F7BF52D66595B00ADEDB2 /* Resources */ = {
			isa = PBXResourcesBuildPhase;
			buildActionMask = 2147483647;
			files = (
			);
			runOnlyForDeploymentPostprocessing = 0;
		};
		CE9F7BFF2D66595B00ADEDB2 /* Resources */ = {
			isa = PBXResourcesBuildPhase;
			buildActionMask = 2147483647;
			files = (
			);
			runOnlyForDeploymentPostprocessing = 0;
		};
/* End PBXResourcesBuildPhase section */

/* Begin PBXSourcesBuildPhase section */
		CE9F7BDD2D66594F00ADEDB2 /* Sources */ = {
			isa = PBXSourcesBuildPhase;
			buildActionMask = 2147483647;
			files = (
				CE9F7BE92D66594F00ADEDB2 /* ViewController.swift in Sources */,
				CE9F7BE52D66594F00ADEDB2 /* AppDelegate.swift in Sources */,
				CE9F7BE72D66594F00ADEDB2 /* SceneDelegate.swift in Sources */,
				CE9F7C152D66704C00ADEDB2 /* oneViewController.swift in Sources */,
			);
			runOnlyForDeploymentPostprocessing = 0;
		};
		CE9F7BF32D66595B00ADEDB2 /* Sources */ = {
			isa = PBXSourcesBuildPhase;
			buildActionMask = 2147483647;
			files = (
				CE9F7BFC2D66595B00ADEDB2 /* NavigationControllerTests.swift in Sources */,
			);
			runOnlyForDeploymentPostprocessing = 0;
		};
		CE9F7BFD2D66595B00ADEDB2 /* Sources */ = {
			isa = PBXSourcesBuildPhase;
			buildActionMask = 2147483647;
			files = (
				CE9F7C082D66595B00ADEDB2 /* NavigationControllerUITestsLaunchTests.swift in Sources */,
				CE9F7C062D66595B00ADEDB2 /* NavigationControllerUITests.swift in Sources */,
			);
			runOnlyForDeploymentPostprocessing = 0;
		};
/* End PBXSourcesBuildPhase section */

/* Begin PBXTargetDependency section */
		CE9F7BF92D66595B00ADEDB2 /* PBXTargetDependency */ = {
			isa = PBXTargetDependency;
			target = CE9F7BE02D66594F00ADEDB2 /* NavigationController */;
			targetProxy = CE9F7BF82D66595B00ADEDB2 /* PBXContainerItemProxy */;
		};
		CE9F7C032D66595B00ADEDB2 /* PBXTargetDependency */ = {
			isa = PBXTargetDependency;
			target = CE9F7BE02D66594F00ADEDB2 /* NavigationController */;
			targetProxy = CE9F7C022D66595B00ADEDB2 /* PBXContainerItemProxy */;
		};
/* End PBXTargetDependency section */

/* Begin PBXVariantGroup section */
		CE9F7BEA2D66594F00ADEDB2 /* Main.storyboard */ = {
			isa = PBXVariantGroup;
			children = (
				CE9F7BEB2D66594F00ADEDB2 /* Base */,
			);
			name = Main.storyboard;
			sourceTree = "<group>";
		};
		CE9F7BEF2D66595A00ADEDB2 /* LaunchScreen.storyboard */ = {
			isa = PBXVariantGroup;
			children = (
				CE9F7BF02D66595A00ADEDB2 /* Base */,
			);
			name = LaunchScreen.storyboard;
			sourceTree = "<group>";
		};
/* End PBXVariantGroup section */

/* Begin XCBuildConfiguration section */
		CE9F7C092D66595B00ADEDB2 /* Debug */ = {
			isa = XCBuildConfiguration;
			buildSettings = {
				ALWAYS_SEARCH_USER_PATHS = NO;
				CLANG_ANALYZER_NONNULL = YES;
				CLANG_ANALYZER_NUMBER_OBJECT_CONVERSION = YES_AGGRESSIVE;
				CLANG_CXX_LANGUAGE_STANDARD = "gnu++20";
				CLANG_ENABLE_MODULES = YES;
				CLANG_ENABLE_OBJC_ARC = YES;
				CLANG_ENABLE_OBJC_WEAK = YES;
				CLANG_WARN_BLOCK_CAPTURE_AUTORELEASING = YES;
				CLANG_WARN_BOOL_CONVERSION = YES;
				CLANG_WARN_COMMA = YES;
				CLANG_WARN_CONSTANT_CONVERSION = YES;
				CLANG_WARN_DEPRECATED_OBJC_IMPLEMENTATIONS = YES;
				CLANG_WARN_DIRECT_OBJC_ISA_USAGE = YES_ERROR;
				CLANG_WARN_DOCUMENTATION_COMMENTS = YES;
				CLANG_WARN_EMPTY_BODY = YES;
				CLANG_WARN_ENUM_CONVERSION = YES;
				CLANG_WARN_INFINITE_RECURSION = YES;
				CLANG_WARN_INT_CONVERSION = YES;
				CLANG_WARN_NON_LITERAL_NULL_CONVERSION = YES;
				CLANG_WARN_OBJC_IMPLICIT_RETAIN_SELF = YES;
				CLANG_WARN_OBJC_LITERAL_CONVERSION = YES;
				CLANG_WARN_OBJC_ROOT_CLASS = YES_ERROR;
				CLANG_WARN_QUOTED_INCLUDE_IN_FRAMEWORK_HEADER = YES;
				CLANG_WARN_RANGE_LOOP_ANALYSIS = YES;
				CLANG_WARN_STRICT_PROTOTYPES = YES;
				CLANG_WARN_SUSPICIOUS_MOVE = YES;
				CLANG_WARN_UNGUARDED_AVAILABILITY = YES_AGGRESSIVE;
				CLANG_WARN_UNREACHABLE_CODE = YES;
				CLANG_WARN__DUPLICATE_METHOD_MATCH = YES;
				COPY_PHASE_STRIP = NO;
				DEBUG_INFORMATION_FORMAT = dwarf;
				ENABLE_STRICT_OBJC_MSGSEND = YES;
				ENABLE_TESTABILITY = YES;
				GCC_C_LANGUAGE_STANDARD = gnu11;
				GCC_DYNAMIC_NO_PIC = NO;
				GCC_NO_COMMON_BLOCKS = YES;
				GCC_OPTIMIZATION_LEVEL = 0;
				GCC_PREPROCESSOR_DEFINITIONS = (
					"DEBUG=1",
					"$(inherited)",
				);
				GCC_WARN_64_TO_32_BIT_CONVERSION = YES;
				GCC_WARN_ABOUT_RETURN_TYPE = YES_ERROR;
				GCC_WARN_UNDECLARED_SELECTOR = YES;
				GCC_WARN_UNINITIALIZED_AUTOS = YES_AGGRESSIVE;
				GCC_WARN_UNUSED_FUNCTION = YES;
				GCC_WARN_UNUSED_VARIABLE = YES;
				IPHONEOS_DEPLOYMENT_TARGET = 16.2;
				MTL_ENABLE_DEBUG_INFO = INCLUDE_SOURCE;
				MTL_FAST_MATH = YES;
				ONLY_ACTIVE_ARCH = YES;
				SDKROOT = iphoneos;
				SWIFT_ACTIVE_COMPILATION_CONDITIONS = DEBUG;
				SWIFT_OPTIMIZATION_LEVEL = "-Onone";
			};
			name = Debug;
		};
		CE9F7C0A2D66595B00ADEDB2 /* Release */ = {
			isa = XCBuildConfiguration;
			buildSettings = {
				ALWAYS_SEARCH_USER_PATHS = NO;
				CLANG_ANALYZER_NONNULL = YES;
				CLANG_ANALYZER_NUMBER_OBJECT_CONVERSION = YES_AGGRESSIVE;
				CLANG_CXX_LANGUAGE_STANDARD = "gnu++20";
				CLANG_ENABLE_MODULES = YES;
				CLANG_ENABLE_OBJC_ARC = YES;
				CLANG_ENABLE_OBJC_WEAK = YES;
				CLANG_WARN_BLOCK_CAPTURE_AUTORELEASING = YES;
				CLANG_WARN_BOOL_CONVERSION = YES;
				CLANG_WARN_COMMA = YES;
				CLANG_WARN_CONSTANT_CONVERSION = YES;
				CLANG_WARN_DEPRECATED_OBJC_IMPLEMENTATIONS = YES;
				CLANG_WARN_DIRECT_OBJC_ISA_USAGE = YES_ERROR;
				CLANG_WARN_DOCUMENTATION_COMMENTS = YES;
				CLANG_WARN_EMPTY_BODY = YES;
				CLANG_WARN_ENUM_CONVERSION = YES;
				CLANG_WARN_INFINITE_RECURSION = YES;
				CLANG_WARN_INT_CONVERSION = YES;
				CLANG_WARN_NON_LITERAL_NULL_CONVERSION = YES;
				CLANG_WARN_OBJC_IMPLICIT_RETAIN_SELF = YES;
				CLANG_WARN_OBJC_LITERAL_CONVERSION = YES;
				CLANG_WARN_OBJC_ROOT_CLASS = YES_ERROR;
				CLANG_WARN_QUOTED_INCLUDE_IN_FRAMEWORK_HEADER = YES;
				CLANG_WARN_RANGE_LOOP_ANALYSIS = YES;
				CLANG_WARN_STRICT_PROTOTYPES = YES;
				CLANG_WARN_SUSPICIOUS_MOVE = YES;
				CLANG_WARN_UNGUARDED_AVAILABILITY = YES_AGGRESSIVE;
				CLANG_WARN_UNREACHABLE_CODE = YES;
				CLANG_WARN__DUPLICATE_METHOD_MATCH = YES;
				COPY_PHASE_STRIP = NO;
				DEBUG_INFORMATION_FORMAT = "dwarf-with-dsym";
				ENABLE_NS_ASSERTIONS = NO;
				ENABLE_STRICT_OBJC_MSGSEND = YES;
				GCC_C_LANGUAGE_STANDARD = gnu11;
				GCC_NO_COMMON_BLOCKS = YES;
				GCC_WARN_64_TO_32_BIT_CONVERSION = YES;
				GCC_WARN_ABOUT_RETURN_TYPE = YES_ERROR;
				GCC_WARN_UNDECLARED_SELECTOR = YES;
				GCC_WARN_UNINITIALIZED_AUTOS = YES_AGGRESSIVE;
				GCC_WARN_UNUSED_FUNCTION = YES;
				GCC_WARN_UNUSED_VARIABLE = YES;
				IPHONEOS_DEPLOYMENT_TARGET = 16.2;
				MTL_ENABLE_DEBUG_INFO = NO;
				MTL_FAST_MATH = YES;
				SDKROOT = iphoneos;
				SWIFT_COMPILATION_MODE = wholemodule;
				SWIFT_OPTIMIZATION_LEVEL = "-O";
				VALIDATE_PRODUCT = YES;
			};
			name = Release;
		};
		CE9F7C0C2D66595B00ADEDB2 /* Debug */ = {
			isa = XCBuildConfiguration;
			buildSettings = {
				ASSETCATALOG_COMPILER_APPICON_NAME = AppIcon;
				ASSETCATALOG_COMPILER_GLOBAL_ACCENT_COLOR_NAME = AccentColor;
				CODE_SIGN_STYLE = Automatic;
				CURRENT_PROJECT_VERSION = 1;
				DEVELOPMENT_TEAM = 29MZTL7M4S;
				GENERATE_INFOPLIST_FILE = YES;
				INFOPLIST_FILE = NavigationController/Info.plist;
				INFOPLIST_KEY_UIApplicationSupportsIndirectInputEvents = YES;
				INFOPLIST_KEY_UILaunchStoryboardName = LaunchScreen;
				INFOPLIST_KEY_UIMainStoryboardFile = Main;
				INFOPLIST_KEY_UISupportedInterfaceOrientations_iPad = "UIInterfaceOrientationPortrait UIInterfaceOrientationPortraitUpsideDown UIInterfaceOrientationLandscapeLeft UIInterfaceOrientationLandscapeRight";
				INFOPLIST_KEY_UISupportedInterfaceOrientations_iPhone = "UIInterfaceOrientationPortrait UIInterfaceOrientationLandscapeLeft UIInterfaceOrientationLandscapeRight";
				LD_RUNPATH_SEARCH_PATHS = (
					"$(inherited)",
					"@executable_path/Frameworks",
				);
				MARKETING_VERSION = 1.0;
				PRODUCT_BUNDLE_IDENTIFIER = Mahmoudbatli.NavigationController;
				PRODUCT_NAME = "$(TARGET_NAME)";
				SWIFT_EMIT_LOC_STRINGS = YES;
				SWIFT_VERSION = 5.0;
				TARGETED_DEVICE_FAMILY = "1,2";
			};
			name = Debug;
		};
		CE9F7C0D2D66595B00ADEDB2 /* Release */ = {
			isa = XCBuildConfiguration;
			buildSettings = {
				ASSETCATALOG_COMPILER_APPICON_NAME = AppIcon;
				ASSETCATALOG_COMPILER_GLOBAL_ACCENT_COLOR_NAME = AccentColor;
				CODE_SIGN_STYLE = Automatic;
				CURRENT_PROJECT_VERSION = 1;
				DEVELOPMENT_TEAM = 29MZTL7M4S;
				GENERATE_INFOPLIST_FILE = YES;
				INFOPLIST_FILE = NavigationController/Info.plist;
				INFOPLIST_KEY_UIApplicationSupportsIndirectInputEvents = YES;
				INFOPLIST_KEY_UILaunchStoryboardName = LaunchScreen;
				INFOPLIST_KEY_UIMainStoryboardFile = Main;
				INFOPLIST_KEY_UISupportedInterfaceOrientations_iPad = "UIInterfaceOrientationPortrait UIInterfaceOrientationPortraitUpsideDown UIInterfaceOrientationLandscapeLeft UIInterfaceOrientationLandscapeRight";
				INFOPLIST_KEY_UISupportedInterfaceOrientations_iPhone = "UIInterfaceOrientationPortrait UIInterfaceOrientationLandscapeLeft UIInterfaceOrientationLandscapeRight";
				LD_RUNPATH_SEARCH_PATHS = (
					"$(inherited)",
					"@executable_path/Frameworks",
				);
				MARKETING_VERSION = 1.0;
				PRODUCT_BUNDLE_IDENTIFIER = Mahmoudbatli.NavigationController;
				PRODUCT_NAME = "$(TARGET_NAME)";
				SWIFT_EMIT_LOC_STRINGS = YES;
				SWIFT_VERSION = 5.0;
				TARGETED_DEVICE_FAMILY = "1,2";
			};
			name = Release;
		};
		CE9F7C0F2D66595B00ADEDB2 /* Debug */ = {
			isa = XCBuildConfiguration;
			buildSettings = {
				ALWAYS_EMBED_SWIFT_STANDARD_LIBRARIES = YES;
				BUNDLE_LOADER = "$(TEST_HOST)";
				CODE_SIGN_STYLE = Automatic;
				CURRENT_PROJECT_VERSION = 1;
				DEVELOPMENT_TEAM = 29MZTL7M4S;
				GENERATE_INFOPLIST_FILE = YES;
				IPHONEOS_DEPLOYMENT_TARGET = 16.2;
				MARKETING_VERSION = 1.0;
				PRODUCT_BUNDLE_IDENTIFIER = Mahmoudbatli.NavigationControllerTests;
				PRODUCT_NAME = "$(TARGET_NAME)";
				SWIFT_EMIT_LOC_STRINGS = NO;
				SWIFT_VERSION = 5.0;
				TARGETED_DEVICE_FAMILY = "1,2";
				TEST_HOST = "$(BUILT_PRODUCTS_DIR)/NavigationController.app/$(BUNDLE_EXECUTABLE_FOLDER_PATH)/NavigationController";
			};
			name = Debug;
		};
		CE9F7C102D66595B00ADEDB2 /* Release */ = {
			isa = XCBuildConfiguration;
			buildSettings = {
				ALWAYS_EMBED_SWIFT_STANDARD_LIBRARIES = YES;
				BUNDLE_LOADER = "$(TEST_HOST)";
				CODE_SIGN_STYLE = Automatic;
				CURRENT_PROJECT_VERSION = 1;
				DEVELOPMENT_TEAM = 29MZTL7M4S;
				GENERATE_INFOPLIST_FILE = YES;
				IPHONEOS_DEPLOYMENT_TARGET = 16.2;
				MARKETING_VERSION = 1.0;
				PRODUCT_BUNDLE_IDENTIFIER = Mahmoudbatli.NavigationControllerTests;
				PRODUCT_NAME = "$(TARGET_NAME)";
				SWIFT_EMIT_LOC_STRINGS = NO;
				SWIFT_VERSION = 5.0;
				TARGETED_DEVICE_FAMILY = "1,2";
				TEST_HOST = "$(BUILT_PRODUCTS_DIR)/NavigationController.app/$(BUNDLE_EXECUTABLE_FOLDER_PATH)/NavigationController";
			};
			name = Release;
		};
		CE9F7C122D66595B00ADEDB2 /* Debug */ = {
			isa = XCBuildConfiguration;
			buildSettings = {
				ALWAYS_EMBED_SWIFT_STANDARD_LIBRARIES = YES;
				CODE_SIGN_STYLE = Automatic;
				CURRENT_PROJECT_VERSION = 1;
				DEVELOPMENT_TEAM = 29MZTL7M4S;
				GENERATE_INFOPLIST_FILE = YES;
				MARKETING_VERSION = 1.0;
				PRODUCT_BUNDLE_IDENTIFIER = Mahmoudbatli.NavigationControllerUITests;
				PRODUCT_NAME = "$(TARGET_NAME)";
				SWIFT_EMIT_LOC_STRINGS = NO;
				SWIFT_VERSION = 5.0;
				TARGETED_DEVICE_FAMILY = "1,2";
				TEST_TARGET_NAME = NavigationController;
			};
			name = Debug;
		};
		CE9F7C132D66595B00ADEDB2 /* Release */ = {
			isa = XCBuildConfiguration;
			buildSettings = {
				ALWAYS_EMBED_SWIFT_STANDARD_LIBRARIES = YES;
				CODE_SIGN_STYLE = Automatic;
				CURRENT_PROJECT_VERSION = 1;
				DEVELOPMENT_TEAM = 29MZTL7M4S;
				GENERATE_INFOPLIST_FILE = YES;
				MARKETING_VERSION = 1.0;
				PRODUCT_BUNDLE_IDENTIFIER = Mahmoudbatli.NavigationControllerUITests;
				PRODUCT_NAME = "$(TARGET_NAME)";
				SWIFT_EMIT_LOC_STRINGS = NO;
				SWIFT_VERSION = 5.0;
				TARGETED_DEVICE_FAMILY = "1,2";
				TEST_TARGET_NAME = NavigationController;
			};
			name = Release;
		};
/* End XCBuildConfiguration section */

/* Begin XCConfigurationList section */
		CE9F7BDC2D66594F00ADEDB2 /* Build configuration list for PBXProject "NavigationController" */ = {
			isa = XCConfigurationList;
			buildConfigurations = (
				CE9F7C092D66595B00ADEDB2 /* Debug */,
				CE9F7C0A2D66595B00ADEDB2 /* Release */,
			);
			defaultConfigurationIsVisible = 0;
			defaultConfigurationName = Release;
		};
		CE9F7C0B2D66595B00ADEDB2 /* Build configuration list for PBXNativeTarget "NavigationController" */ = {
			isa = XCConfigurationList;
			buildConfigurations = (
				CE9F7C0C2D66595B00ADEDB2 /* Debug */,
				CE9F7C0D2D66595B00ADEDB2 /* Release */,
			);
			defaultConfigurationIsVisible = 0;
			defaultConfigurationName = Release;
		};
		CE9F7C0E2D66595B00ADEDB2 /* Build configuration list for PBXNativeTarget "NavigationControllerTests" */ = {
			isa = XCConfigurationList;
			buildConfigurations = (
				CE9F7C0F2D66595B00ADEDB2 /* Debug */,
				CE9F7C102D66595B00ADEDB2 /* Release */,
			);
			defaultConfigurationIsVisible = 0;
			defaultConfigurationName = Release;
		};
		CE9F7C112D66595B00ADEDB2 /* Build configuration list for PBXNativeTarget "NavigationControllerUITests" */ = {
			isa = XCConfigurationList;
			buildConfigurations = (
				CE9F7C122D66595B00ADEDB2 /* Debug */,
				CE9F7C132D66595B00ADEDB2 /* Release */,
			);
			defaultConfigurationIsVisible = 0;
			defaultConfigurationName = Release;
		};
/* End XCConfigurationList section */
	};
	rootObject = CE9F7BD92D66594F00ADEDB2 /* Project object */;
}
