// !$*UTF8*$!
{
	archiveVersion = 1;
	classes = {
	};
	objectVersion = 56;
	objects = {

/* Begin PBXBuildFile section */
		5C6E0B7A2DDE5E2800941F37 /* PHPickerTableViewCell.swift in Sources */ = {isa = PBXBuildFile; fileRef = 5C6E0B792DDE5E2800941F37 /* PHPickerTableViewCell.swift */; };
		5CA63BC72DDE5C27002F5DD9 /* PHPickerVC.swift in Sources */ = {isa = PBXBuildFile; fileRef = 5CA63BC62DDE5C27002F5DD9 /* PHPickerVC.swift */; };
		5CBA24342DD8AD590031E465 /* AppDelegate.swift in Sources */ = {isa = PBXBuildFile; fileRef = 5CBA24332DD8AD590031E465 /* AppDelegate.swift */; };
		5CBA24362DD8AD590031E465 /* SceneDelegate.swift in Sources */ = {isa = PBXBuildFile; fileRef = 5CBA24352DD8AD590031E465 /* SceneDelegate.swift */; };
		5CBA24382DD8AD590031E465 /* ViewController.swift in Sources */ = {isa = PBXBuildFile; fileRef = 5CBA24372DD8AD590031E465 /* ViewController.swift */; };
		5CBA243B2DD8AD590031E465 /* Main.storyboard in Resources */ = {isa = PBXBuildFile; fileRef = 5CBA24392DD8AD590031E465 /* Main.storyboard */; };
		5CBA243D2DD8AD5E0031E465 /* Assets.xcassets in Resources */ = {isa = PBXBuildFile; fileRef = 5CBA243C2DD8AD5E0031E465 /* Assets.xcassets */; };
		5CBA24402DD8AD5E0031E465 /* LaunchScreen.storyboard in Resources */ = {isa = PBXBuildFile; fileRef = 5CBA243E2DD8AD5E0031E465 /* LaunchScreen.storyboard */; };
/* End PBXBuildFile section */

/* Begin PBXFileReference section */
		5C6E0B792DDE5E2800941F37 /* PHPickerTableViewCell.swift */ = {isa = PBXFileReference; lastKnownFileType = sourcecode.swift; path = PHPickerTableViewCell.swift; sourceTree = "<group>"; };
		5CA63BC62DDE5C27002F5DD9 /* PHPickerVC.swift */ = {isa = PBXFileReference; lastKnownFileType = sourcecode.swift; path = PHPickerVC.swift; sourceTree = "<group>"; };
		5CBA24302DD8AD590031E465 /* Take Photo From Camera.app */ = {isa = PBXFileReference; explicitFileType = wrapper.application; includeInIndex = 0; path = "Take Photo From Camera.app"; sourceTree = BUILT_PRODUCTS_DIR; };
		5CBA24332DD8AD590031E465 /* AppDelegate.swift */ = {isa = PBXFileReference; lastKnownFileType = sourcecode.swift; path = AppDelegate.swift; sourceTree = "<group>"; };
		5CBA24352DD8AD590031E465 /* SceneDelegate.swift */ = {isa = PBXFileReference; lastKnownFileType = sourcecode.swift; path = SceneDelegate.swift; sourceTree = "<group>"; };
		5CBA24372DD8AD590031E465 /* ViewController.swift */ = {isa = PBXFileReference; lastKnownFileType = sourcecode.swift; path = ViewController.swift; sourceTree = "<group>"; };
		5CBA243A2DD8AD590031E465 /* Base */ = {isa = PBXFileReference; lastKnownFileType = file.storyboard; name = Base; path = Base.lproj/Main.storyboard; sourceTree = "<group>"; };
		5CBA243C2DD8AD5E0031E465 /* Assets.xcassets */ = {isa = PBXFileReference; lastKnownFileType = folder.assetcatalog; path = Assets.xcassets; sourceTree = "<group>"; };
		5CBA243F2DD8AD5E0031E465 /* Base */ = {isa = PBXFileReference; lastKnownFileType = file.storyboard; name = Base; path = Base.lproj/LaunchScreen.storyboard; sourceTree = "<group>"; };
		5CBA24412DD8AD5E0031E465 /* Info.plist */ = {isa = PBXFileReference; lastKnownFileType = text.plist.xml; path = Info.plist; sourceTree = "<group>"; };
/* End PBXFileReference section */

/* Begin PBXFrameworksBuildPhase section */
		5CBA242D2DD8AD590031E465 /* Frameworks */ = {
			isa = PBXFrameworksBuildPhase;
			buildActionMask = 2147483647;
			files = (
			);
			runOnlyForDeploymentPostprocessing = 0;
		};
/* End PBXFrameworksBuildPhase section */

/* Begin PBXGroup section */
		5CBA24272DD8AD590031E465 = {
			isa = PBXGroup;
			children = (
				5CBA24322DD8AD590031E465 /* Take Photo From Camera */,
				5CBA24312DD8AD590031E465 /* Products */,
			);
			sourceTree = "<group>";
		};
		5CBA24312DD8AD590031E465 /* Products */ = {
			isa = PBXGroup;
			children = (
				5CBA24302DD8AD590031E465 /* Take Photo From Camera.app */,
			);
			name = Products;
			sourceTree = "<group>";
		};
		5CBA24322DD8AD590031E465 /* Take Photo From Camera */ = {
			isa = PBXGroup;
			children = (
				5CBA24332DD8AD590031E465 /* AppDelegate.swift */,
				5CBA24352DD8AD590031E465 /* SceneDelegate.swift */,
				5CBA24372DD8AD590031E465 /* ViewController.swift */,
				5CBA24392DD8AD590031E465 /* Main.storyboard */,
				5CBA243C2DD8AD5E0031E465 /* Assets.xcassets */,
				5CBA243E2DD8AD5E0031E465 /* LaunchScreen.storyboard */,
				5CBA24412DD8AD5E0031E465 /* Info.plist */,
				5CA63BC62DDE5C27002F5DD9 /* PHPickerVC.swift */,
				5C6E0B792DDE5E2800941F37 /* PHPickerTableViewCell.swift */,
			);
			path = "Take Photo From Camera";
			sourceTree = "<group>";
		};
/* End PBXGroup section */

/* Begin PBXNativeTarget section */
		5CBA242F2DD8AD590031E465 /* Take Photo From Camera */ = {
			isa = PBXNativeTarget;
			buildConfigurationList = 5CBA24442DD8AD5E0031E465 /* Build configuration list for PBXNativeTarget "Take Photo From Camera" */;
			buildPhases = (
				5CBA242C2DD8AD590031E465 /* Sources */,
				5CBA242D2DD8AD590031E465 /* Frameworks */,
				5CBA242E2DD8AD590031E465 /* Resources */,
			);
			buildRules = (
			);
			dependencies = (
			);
			name = "Take Photo From Camera";
			productName = "Take Photo From Camera";
			productReference = 5CBA24302DD8AD590031E465 /* Take Photo From Camera.app */;
			productType = "com.apple.product-type.application";
		};
/* End PBXNativeTarget section */

/* Begin PBXProject section */
		5CBA24282DD8AD590031E465 /* Project object */ = {
			isa = PBXProject;
			attributes = {
				BuildIndependentTargetsInParallel = 1;
				LastSwiftUpdateCheck = 1420;
				LastUpgradeCheck = 1420;
				TargetAttributes = {
					5CBA242F2DD8AD590031E465 = {
						CreatedOnToolsVersion = 14.2;
					};
				};
			};
			buildConfigurationList = 5CBA242B2DD8AD590031E465 /* Build configuration list for PBXProject "Take Photo From Camera" */;
			compatibilityVersion = "Xcode 14.0";
			developmentRegion = en;
			hasScannedForEncodings = 0;
			knownRegions = (
				en,
				Base,
			);
			mainGroup = 5CBA24272DD8AD590031E465;
			productRefGroup = 5CBA24312DD8AD590031E465 /* Products */;
			projectDirPath = "";
			projectRoot = "";
			targets = (
				5CBA242F2DD8AD590031E465 /* Take Photo From Camera */,
			);
		};
/* End PBXProject section */

/* Begin PBXResourcesBuildPhase section */
		5CBA242E2DD8AD590031E465 /* Resources */ = {
			isa = PBXResourcesBuildPhase;
			buildActionMask = 2147483647;
			files = (
				5CBA24402DD8AD5E0031E465 /* LaunchScreen.storyboard in Resources */,
				5CBA243D2DD8AD5E0031E465 /* Assets.xcassets in Resources */,
				5CBA243B2DD8AD590031E465 /* Main.storyboard in Resources */,
			);
			runOnlyForDeploymentPostprocessing = 0;
		};
/* End PBXResourcesBuildPhase section */

/* Begin PBXSourcesBuildPhase section */
		5CBA242C2DD8AD590031E465 /* Sources */ = {
			isa = PBXSourcesBuildPhase;
			buildActionMask = 2147483647;
			files = (
				5CA63BC72DDE5C27002F5DD9 /* PHPickerVC.swift in Sources */,
				5CBA24382DD8AD590031E465 /* ViewController.swift in Sources */,
				5CBA24342DD8AD590031E465 /* AppDelegate.swift in Sources */,
				5C6E0B7A2DDE5E2800941F37 /* PHPickerTableViewCell.swift in Sources */,
				5CBA24362DD8AD590031E465 /* SceneDelegate.swift in Sources */,
			);
			runOnlyForDeploymentPostprocessing = 0;
		};
/* End PBXSourcesBuildPhase section */

/* Begin PBXVariantGroup section */
		5CBA24392DD8AD590031E465 /* Main.storyboard */ = {
			isa = PBXVariantGroup;
			children = (
				5CBA243A2DD8AD590031E465 /* Base */,
			);
			name = Main.storyboard;
			sourceTree = "<group>";
		};
		5CBA243E2DD8AD5E0031E465 /* LaunchScreen.storyboard */ = {
			isa = PBXVariantGroup;
			children = (
				5CBA243F2DD8AD5E0031E465 /* Base */,
			);
			name = LaunchScreen.storyboard;
			sourceTree = "<group>";
		};
/* End PBXVariantGroup section */

/* Begin XCBuildConfiguration section */
		5CBA24422DD8AD5E0031E465 /* Debug */ = {
			isa = XCBuildConfiguration;
			buildSettings = {
				ALWAYS_SEARCH_USER_PATHS = NO;
				CLANG_ANALYZER_NONNULL = YES;
				CLANG_ANALYZER_NUMBER_OBJECT_CONVERSION = YES_AGGRESSIVE;
				CLANG_CXX_LANGUAGE_STANDARD = "gnu++20";
				CLANG_ENABLE_MODULES = YES;
				CLANG_ENABLE_OBJC_ARC = YES;
				CLANG_ENABLE_OBJC_WEAK = YES;
				CLANG_WARN_BLOCK_CAPTURE_AUTORELEASING = YES;
				CLANG_WARN_BOOL_CONVERSION = YES;
				CLANG_WARN_COMMA = YES;
				CLANG_WARN_CONSTANT_CONVERSION = YES;
				CLANG_WARN_DEPRECATED_OBJC_IMPLEMENTATIONS = YES;
				CLANG_WARN_DIRECT_OBJC_ISA_USAGE = YES_ERROR;
				CLANG_WARN_DOCUMENTATION_COMMENTS = YES;
				CLANG_WARN_EMPTY_BODY = YES;
				CLANG_WARN_ENUM_CONVERSION = YES;
				CLANG_WARN_INFINITE_RECURSION = YES;
				CLANG_WARN_INT_CONVERSION = YES;
				CLANG_WARN_NON_LITERAL_NULL_CONVERSION = YES;
				CLANG_WARN_OBJC_IMPLICIT_RETAIN_SELF = YES;
				CLANG_WARN_OBJC_LITERAL_CONVERSION = YES;
				CLANG_WARN_OBJC_ROOT_CLASS = YES_ERROR;
				CLANG_WARN_QUOTED_INCLUDE_IN_FRAMEWORK_HEADER = YES;
				CLANG_WARN_RANGE_LOOP_ANALYSIS = YES;
				CLANG_WARN_STRICT_PROTOTYPES = YES;
				CLANG_WARN_SUSPICIOUS_MOVE = YES;
				CLANG_WARN_UNGUARDED_AVAILABILITY = YES_AGGRESSIVE;
				CLANG_WARN_UNREACHABLE_CODE = YES;
				CLANG_WARN__DUPLICATE_METHOD_MATCH = YES;
				COPY_PHASE_STRIP = NO;
				DEBUG_INFORMATION_FORMAT = dwarf;
				ENABLE_STRICT_OBJC_MSGSEND = YES;
				ENABLE_TESTABILITY = YES;
				GCC_C_LANGUAGE_STANDARD = gnu11;
				GCC_DYNAMIC_NO_PIC = NO;
				GCC_NO_COMMON_BLOCKS = YES;
				GCC_OPTIMIZATION_LEVEL = 0;
				GCC_PREPROCESSOR_DEFINITIONS = (
					"DEBUG=1",
					"$(inherited)",
				);
				GCC_WARN_64_TO_32_BIT_CONVERSION = YES;
				GCC_WARN_ABOUT_RETURN_TYPE = YES_ERROR;
				GCC_WARN_UNDECLARED_SELECTOR = YES;
				GCC_WARN_UNINITIALIZED_AUTOS = YES_AGGRESSIVE;
				GCC_WARN_UNUSED_FUNCTION = YES;
				GCC_WARN_UNUSED_VARIABLE = YES;
				IPHONEOS_DEPLOYMENT_TARGET = 16.2;
				MTL_ENABLE_DEBUG_INFO = INCLUDE_SOURCE;
				MTL_FAST_MATH = YES;
				ONLY_ACTIVE_ARCH = YES;
				SDKROOT = iphoneos;
				SWIFT_ACTIVE_COMPILATION_CONDITIONS = DEBUG;
				SWIFT_OPTIMIZATION_LEVEL = "-Onone";
			};
			name = Debug;
		};
		5CBA24432DD8AD5E0031E465 /* Release */ = {
			isa = XCBuildConfiguration;
			buildSettings = {
				ALWAYS_SEARCH_USER_PATHS = NO;
				CLANG_ANALYZER_NONNULL = YES;
				CLANG_ANALYZER_NUMBER_OBJECT_CONVERSION = YES_AGGRESSIVE;
				CLANG_CXX_LANGUAGE_STANDARD = "gnu++20";
				CLANG_ENABLE_MODULES = YES;
				CLANG_ENABLE_OBJC_ARC = YES;
				CLANG_ENABLE_OBJC_WEAK = YES;
				CLANG_WARN_BLOCK_CAPTURE_AUTORELEASING = YES;
				CLANG_WARN_BOOL_CONVERSION = YES;
				CLANG_WARN_COMMA = YES;
				CLANG_WARN_CONSTANT_CONVERSION = YES;
				CLANG_WARN_DEPRECATED_OBJC_IMPLEMENTATIONS = YES;
				CLANG_WARN_DIRECT_OBJC_ISA_USAGE = YES_ERROR;
				CLANG_WARN_DOCUMENTATION_COMMENTS = YES;
				CLANG_WARN_EMPTY_BODY = YES;
				CLANG_WARN_ENUM_CONVERSION = YES;
				CLANG_WARN_INFINITE_RECURSION = YES;
				CLANG_WARN_INT_CONVERSION = YES;
				CLANG_WARN_NON_LITERAL_NULL_CONVERSION = YES;
				CLANG_WARN_OBJC_IMPLICIT_RETAIN_SELF = YES;
				CLANG_WARN_OBJC_LITERAL_CONVERSION = YES;
				CLANG_WARN_OBJC_ROOT_CLASS = YES_ERROR;
				CLANG_WARN_QUOTED_INCLUDE_IN_FRAMEWORK_HEADER = YES;
				CLANG_WARN_RANGE_LOOP_ANALYSIS = YES;
				CLANG_WARN_STRICT_PROTOTYPES = YES;
				CLANG_WARN_SUSPICIOUS_MOVE = YES;
				CLANG_WARN_UNGUARDED_AVAILABILITY = YES_AGGRESSIVE;
				CLANG_WARN_UNREACHABLE_CODE = YES;
				CLANG_WARN__DUPLICATE_METHOD_MATCH = YES;
				COPY_PHASE_STRIP = NO;
				DEBUG_INFORMATION_FORMAT = "dwarf-with-dsym";
				ENABLE_NS_ASSERTIONS = NO;
				ENABLE_STRICT_OBJC_MSGSEND = YES;
				GCC_C_LANGUAGE_STANDARD = gnu11;
				GCC_NO_COMMON_BLOCKS = YES;
				GCC_WARN_64_TO_32_BIT_CONVERSION = YES;
				GCC_WARN_ABOUT_RETURN_TYPE = YES_ERROR;
				GCC_WARN_UNDECLARED_SELECTOR = YES;
				GCC_WARN_UNINITIALIZED_AUTOS = YES_AGGRESSIVE;
				GCC_WARN_UNUSED_FUNCTION = YES;
				GCC_WARN_UNUSED_VARIABLE = YES;
				IPHONEOS_DEPLOYMENT_TARGET = 16.2;
				MTL_ENABLE_DEBUG_INFO = NO;
				MTL_FAST_MATH = YES;
				SDKROOT = iphoneos;
				SWIFT_COMPILATION_MODE = wholemodule;
				SWIFT_OPTIMIZATION_LEVEL = "-O";
				VALIDATE_PRODUCT = YES;
			};
			name = Release;
		};
		5CBA24452DD8AD5E0031E465 /* Debug */ = {
			isa = XCBuildConfiguration;
			buildSettings = {
				ASSETCATALOG_COMPILER_APPICON_NAME = AppIcon;
				ASSETCATALOG_COMPILER_GLOBAL_ACCENT_COLOR_NAME = AccentColor;
				CODE_SIGN_STYLE = Automatic;
				CURRENT_PROJECT_VERSION = 1;
				DEVELOPMENT_TEAM = 29MZTL7M4S;
				GENERATE_INFOPLIST_FILE = YES;
				INFOPLIST_FILE = "Take Photo From Camera/Info.plist";
				INFOPLIST_KEY_UIApplicationSupportsIndirectInputEvents = YES;
				INFOPLIST_KEY_UILaunchStoryboardName = LaunchScreen;
				INFOPLIST_KEY_UIMainStoryboardFile = Main;
				INFOPLIST_KEY_UISupportedInterfaceOrientations_iPad = "UIInterfaceOrientationPortrait UIInterfaceOrientationPortraitUpsideDown UIInterfaceOrientationLandscapeLeft UIInterfaceOrientationLandscapeRight";
				INFOPLIST_KEY_UISupportedInterfaceOrientations_iPhone = "UIInterfaceOrientationPortrait UIInterfaceOrientationLandscapeLeft UIInterfaceOrientationLandscapeRight";
				LD_RUNPATH_SEARCH_PATHS = (
					"$(inherited)",
					"@executable_path/Frameworks",
				);
				MARKETING_VERSION = 1.0;
				PRODUCT_BUNDLE_IDENTIFIER = "com.mahmoudbatli.Take-Photo-From-Camera";
				PRODUCT_NAME = "$(TARGET_NAME)";
				SWIFT_EMIT_LOC_STRINGS = YES;
				SWIFT_VERSION = 5.0;
				TARGETED_DEVICE_FAMILY = "1,2";
			};
			name = Debug;
		};
		5CBA24462DD8AD5E0031E465 /* Release */ = {
			isa = XCBuildConfiguration;
			buildSettings = {
				ASSETCATALOG_COMPILER_APPICON_NAME = AppIcon;
				ASSETCATALOG_COMPILER_GLOBAL_ACCENT_COLOR_NAME = AccentColor;
				CODE_SIGN_STYLE = Automatic;
				CURRENT_PROJECT_VERSION = 1;
				DEVELOPMENT_TEAM = 29MZTL7M4S;
				GENERATE_INFOPLIST_FILE = YES;
				INFOPLIST_FILE = "Take Photo From Camera/Info.plist";
				INFOPLIST_KEY_UIApplicationSupportsIndirectInputEvents = YES;
				INFOPLIST_KEY_UILaunchStoryboardName = LaunchScreen;
				INFOPLIST_KEY_UIMainStoryboardFile = Main;
				INFOPLIST_KEY_UISupportedInterfaceOrientations_iPad = "UIInterfaceOrientationPortrait UIInterfaceOrientationPortraitUpsideDown UIInterfaceOrientationLandscapeLeft UIInterfaceOrientationLandscapeRight";
				INFOPLIST_KEY_UISupportedInterfaceOrientations_iPhone = "UIInterfaceOrientationPortrait UIInterfaceOrientationLandscapeLeft UIInterfaceOrientationLandscapeRight";
				LD_RUNPATH_SEARCH_PATHS = (
					"$(inherited)",
					"@executable_path/Frameworks",
				);
				MARKETING_VERSION = 1.0;
				PRODUCT_BUNDLE_IDENTIFIER = "com.mahmoudbatli.Take-Photo-From-Camera";
				PRODUCT_NAME = "$(TARGET_NAME)";
				SWIFT_EMIT_LOC_STRINGS = YES;
				SWIFT_VERSION = 5.0;
				TARGETED_DEVICE_FAMILY = "1,2";
			};
			name = Release;
		};
/* End XCBuildConfiguration section */

/* Begin XCConfigurationList section */
		5CBA242B2DD8AD590031E465 /* Build configuration list for PBXProject "Take Photo From Camera" */ = {
			isa = XCConfigurationList;
			buildConfigurations = (
				5CBA24422DD8AD5E0031E465 /* Debug */,
				5CBA24432DD8AD5E0031E465 /* Release */,
			);
			defaultConfigurationIsVisible = 0;
			defaultConfigurationName = Release;
		};
		5CBA24442DD8AD5E0031E465 /* Build configuration list for PBXNativeTarget "Take Photo From Camera" */ = {
			isa = XCConfigurationList;
			buildConfigurations = (
				5CBA24452DD8AD5E0031E465 /* Debug */,
				5CBA24462DD8AD5E0031E465 /* Release */,
			);
			defaultConfigurationIsVisible = 0;
			defaultConfigurationName = Release;
		};
/* End XCConfigurationList section */
	};
	rootObject = 5CBA24282DD8AD590031E465 /* Project object */;
}
